
Microsoft Visual Studio Solution File, Format Version 12.00
# Visual Studio Version 17
VisualStudioVersion = 17.6.33815.320
MinimumVisualStudioVersion = 10.0.40219.1
Project("{2150E333-8FDC-42A3-9474-1A3956D46DE8}") = "Services", "Services", "{30F0F847-D30B-42E3-9B8B-88D4C2169705}"
EndProject
Project("{2150E333-8FDC-42A3-9474-1A3956D46DE8}") = "Catalog", "Catalog", "{F244E826-1856-43B0-8A47-2BFC4B8B4A77}"
EndProject
Project("{9A19103F-16F7-4668-BE54-9A1E7A4F7556}") = "FreeCourse.Services.Catalog", "Services\Catalog\FreeCourser.Services.Catalog\FreeCourse.Services.Catalog.csproj", "{BDCA1C95-E3F4-49F8-9362-F36220FCAFAB}"
EndProject
Project("{2150E333-8FDC-42A3-9474-1A3956D46DE8}") = "PortData", "PortData", "{236FA844-6E6E-4B5B-A036-880F5103C20F}"
	ProjectSection(SolutionItems) = preProject
		Ports.txt = Ports.txt
	EndProjectSection
EndProject
Project("{2150E333-8FDC-42A3-9474-1A3956D46DE8}") = "Shared", "Shared", "{B8E52AC7-D0A2-4244-848E-3A24F78736AA}"
EndProject
Project("{9A19103F-16F7-4668-BE54-9A1E7A4F7556}") = "FreeCourse.Shared", "Shared\FreeCourse.Shared\FreeCourse.Shared.csproj", "{0F5E6879-31F2-480B-BF10-1F7581B1ABB4}"
EndProject
Project("{2150E333-8FDC-42A3-9474-1A3956D46DE8}") = "IdentityServer", "IdentityServer", "{C8A5A8C4-1B74-45B0-A770-87934EF13B51}"
EndProject
Project("{9A19103F-16F7-4668-BE54-9A1E7A4F7556}") = "FreeCourse.IdentityServer", "IdentityServer\FreeCourse.IdentityServer\FreeCourse.IdentityServer.csproj", "{0CAFECFF-C75B-4F5E-AAB8-D142A8C97C61}"
EndProject
Project("{2150E333-8FDC-42A3-9474-1A3956D46DE8}") = "PhotoStock", "PhotoStock", "{B0D0F888-05C4-45DA-B29B-3B67850A61BB}"
EndProject
Project("{9A19103F-16F7-4668-BE54-9A1E7A4F7556}") = "FreeCourse.Services.PhotoStock", "Services\PhotoStock\FreeCourse.Services.PhotoStock\FreeCourse.Services.PhotoStock.csproj", "{E02E653E-8CB9-485D-BAB9-F1FD6AEC8389}"
EndProject
Project("{2150E333-8FDC-42A3-9474-1A3956D46DE8}") = "Basket", "Basket", "{E72E09CA-236D-4140-BC40-1F4D57BDC0D1}"
EndProject
Project("{9A19103F-16F7-4668-BE54-9A1E7A4F7556}") = "FreeCourse.Services.Basket", "Services\Basket\FreeCourse.Services.Basket\FreeCourse.Services.Basket.csproj", "{DB15CF41-C081-4815-910D-2F9C6F392FAD}"
EndProject
Project("{2150E333-8FDC-42A3-9474-1A3956D46DE8}") = "Discount", "Discount", "{F1D0F394-4150-4E53-9FBF-0647B2DD1CF9}"
EndProject
Project("{9A19103F-16F7-4668-BE54-9A1E7A4F7556}") = "FreeCourse.Services.Discount", "Services\Discount\FreeCourse.Services.Discount\FreeCourse.Services.Discount.csproj", "{DB14B612-9E06-4A67-AD9D-479A295A9A63}"
EndProject
Project("{2150E333-8FDC-42A3-9474-1A3956D46DE8}") = "Order", "Order", "{89D97C1B-21F4-4A57-9379-F1927A6244EE}"
EndProject
Project("{9A19103F-16F7-4668-BE54-9A1E7A4F7556}") = "FreeCourse.Services.Order.API", "Services\Order\FreeCourse.Services.Order.API\FreeCourse.Services.Order.API.csproj", "{88CD4888-EBE3-4CF2-BAA2-6DA16AD3BDD6}"
EndProject
Project("{9A19103F-16F7-4668-BE54-9A1E7A4F7556}") = "FreeCourse.Services.Order.Application", "Services\Order\FreeCourse.Services.Order.Application\FreeCourse.Services.Order.Application.csproj", "{290E25DA-B028-4EDA-B0F0-E2F48F01F10F}"
EndProject
Project("{9A19103F-16F7-4668-BE54-9A1E7A4F7556}") = "FreeCourse.Services.Order.Domain", "Services\Order\FreeCourse.Services.Order.Domain\FreeCourse.Services.Order.Domain.csproj", "{824E54A2-7A92-4635-8A8E-A7EF9D60D8A3}"
EndProject
Project("{9A19103F-16F7-4668-BE54-9A1E7A4F7556}") = "FreeCourse.Services.Order.Domain.Core", "Services\Order\FreeCourse.Services.Order.Domain.Core\FreeCourse.Services.Order.Domain.Core.csproj", "{1B80BA27-592D-4BCF-948C-E677C223FD8C}"
EndProject
Project("{9A19103F-16F7-4668-BE54-9A1E7A4F7556}") = "FreeCourse.Services.Order.Infrastructure", "Services\Order\FreeCourse.Services.Order.Infrastructure\FreeCourse.Services.Order.Infrastructure.csproj", "{661FFE85-D9B7-4B02-A2B1-EF518C64312D}"
EndProject
Project("{2150E333-8FDC-42A3-9474-1A3956D46DE8}") = "FakePayment", "FakePayment", "{753A1370-A972-431C-AF95-0D6D4B85FFC6}"
EndProject
Project("{9A19103F-16F7-4668-BE54-9A1E7A4F7556}") = "FreeCourse.Services.FakePayment", "Services\FakePayment\FreeCourse.Services.FakePayment\FreeCourse.Services.FakePayment.csproj", "{FC22918F-0847-4BEA-B298-CB45813DC748}"
EndProject
Project("{2150E333-8FDC-42A3-9474-1A3956D46DE8}") = "Gateways", "Gateways", "{4FA59580-7D62-4976-AF5D-CC0DCBBCEFFB}"
EndProject
Project("{9A19103F-16F7-4668-BE54-9A1E7A4F7556}") = "FreeCourse.Gateway", "Gateways\FreeCourse.Gateway\FreeCourse.Gateway.csproj", "{E0B8EEEA-8AE8-4C0D-91C2-F2BBBF5F8818}"
EndProject
Project("{2150E333-8FDC-42A3-9474-1A3956D46DE8}") = "Frontends", "Frontends", "{7907D19E-31A0-4C7F-A92A-BD9232DDFB52}"
EndProject
Project("{FAE04EC0-301F-11D3-BF4B-00C04F79EFBC}") = "FreeCourse.Web", "Frontends\FreeCourse.Web\FreeCourse.Web.csproj", "{6A2DED0A-A7A7-421D-A0ED-8CDC3242BC92}"
EndProject
Global
	GlobalSection(SolutionConfigurationPlatforms) = preSolution
		Debug|Any CPU = Debug|Any CPU
		Release|Any CPU = Release|Any CPU
	EndGlobalSection
	GlobalSection(ProjectConfigurationPlatforms) = postSolution
		{BDCA1C95-E3F4-49F8-9362-F36220FCAFAB}.Debug|Any CPU.ActiveCfg = Debug|Any CPU
		{BDCA1C95-E3F4-49F8-9362-F36220FCAFAB}.Debug|Any CPU.Build.0 = Debug|Any CPU
		{BDCA1C95-E3F4-49F8-9362-F36220FCAFAB}.Release|Any CPU.ActiveCfg = Release|Any CPU
		{BDCA1C95-E3F4-49F8-9362-F36220FCAFAB}.Release|Any CPU.Build.0 = Release|Any CPU
		{0F5E6879-31F2-480B-BF10-1F7581B1ABB4}.Debug|Any CPU.ActiveCfg = Debug|Any CPU
		{0F5E6879-31F2-480B-BF10-1F7581B1ABB4}.Debug|Any CPU.Build.0 = Debug|Any CPU
		{0F5E6879-31F2-480B-BF10-1F7581B1ABB4}.Release|Any CPU.ActiveCfg = Release|Any CPU
		{0F5E6879-31F2-480B-BF10-1F7581B1ABB4}.Release|Any CPU.Build.0 = Release|Any CPU
		{0CAFECFF-C75B-4F5E-AAB8-D142A8C97C61}.Debug|Any CPU.ActiveCfg = Debug|Any CPU
		{0CAFECFF-C75B-4F5E-AAB8-D142A8C97C61}.Debug|Any CPU.Build.0 = Debug|Any CPU
		{0CAFECFF-C75B-4F5E-AAB8-D142A8C97C61}.Release|Any CPU.ActiveCfg = Release|Any CPU
		{0CAFECFF-C75B-4F5E-AAB8-D142A8C97C61}.Release|Any CPU.Build.0 = Release|Any CPU
		{E02E653E-8CB9-485D-BAB9-F1FD6AEC8389}.Debug|Any CPU.ActiveCfg = Debug|Any CPU
		{E02E653E-8CB9-485D-BAB9-F1FD6AEC8389}.Debug|Any CPU.Build.0 = Debug|Any CPU
		{E02E653E-8CB9-485D-BAB9-F1FD6AEC8389}.Release|Any CPU.ActiveCfg = Release|Any CPU
		{E02E653E-8CB9-485D-BAB9-F1FD6AEC8389}.Release|Any CPU.Build.0 = Release|Any CPU
		{DB15CF41-C081-4815-910D-2F9C6F392FAD}.Debug|Any CPU.ActiveCfg = Debug|Any CPU
		{DB15CF41-C081-4815-910D-2F9C6F392FAD}.Debug|Any CPU.Build.0 = Debug|Any CPU
		{DB15CF41-C081-4815-910D-2F9C6F392FAD}.Release|Any CPU.ActiveCfg = Release|Any CPU
		{DB15CF41-C081-4815-910D-2F9C6F392FAD}.Release|Any CPU.Build.0 = Release|Any CPU
		{DB14B612-9E06-4A67-AD9D-479A295A9A63}.Debug|Any CPU.ActiveCfg = Debug|Any CPU
		{DB14B612-9E06-4A67-AD9D-479A295A9A63}.Debug|Any CPU.Build.0 = Debug|Any CPU
		{DB14B612-9E06-4A67-AD9D-479A295A9A63}.Release|Any CPU.ActiveCfg = Release|Any CPU
		{DB14B612-9E06-4A67-AD9D-479A295A9A63}.Release|Any CPU.Build.0 = Release|Any CPU
		{88CD4888-EBE3-4CF2-BAA2-6DA16AD3BDD6}.Debug|Any CPU.ActiveCfg = Debug|Any CPU
		{88CD4888-EBE3-4CF2-BAA2-6DA16AD3BDD6}.Debug|Any CPU.Build.0 = Debug|Any CPU
		{88CD4888-EBE3-4CF2-BAA2-6DA16AD3BDD6}.Release|Any CPU.ActiveCfg = Release|Any CPU
		{88CD4888-EBE3-4CF2-BAA2-6DA16AD3BDD6}.Release|Any CPU.Build.0 = Release|Any CPU
		{290E25DA-B028-4EDA-B0F0-E2F48F01F10F}.Debug|Any CPU.ActiveCfg = Debug|Any CPU
		{290E25DA-B028-4EDA-B0F0-E2F48F01F10F}.Debug|Any CPU.Build.0 = Debug|Any CPU
		{290E25DA-B028-4EDA-B0F0-E2F48F01F10F}.Release|Any CPU.ActiveCfg = Release|Any CPU
		{290E25DA-B028-4EDA-B0F0-E2F48F01F10F}.Release|Any CPU.Build.0 = Release|Any CPU
		{824E54A2-7A92-4635-8A8E-A7EF9D60D8A3}.Debug|Any CPU.ActiveCfg = Debug|Any CPU
		{824E54A2-7A92-4635-8A8E-A7EF9D60D8A3}.Debug|Any CPU.Build.0 = Debug|Any CPU
		{824E54A2-7A92-4635-8A8E-A7EF9D60D8A3}.Release|Any CPU.ActiveCfg = Release|Any CPU
		{824E54A2-7A92-4635-8A8E-A7EF9D60D8A3}.Release|Any CPU.Build.0 = Release|Any CPU
		{1B80BA27-592D-4BCF-948C-E677C223FD8C}.Debug|Any CPU.ActiveCfg = Debug|Any CPU
		{1B80BA27-592D-4BCF-948C-E677C223FD8C}.Debug|Any CPU.Build.0 = Debug|Any CPU
		{1B80BA27-592D-4BCF-948C-E677C223FD8C}.Release|Any CPU.ActiveCfg = Release|Any CPU
		{1B80BA27-592D-4BCF-948C-E677C223FD8C}.Release|Any CPU.Build.0 = Release|Any CPU
		{661FFE85-D9B7-4B02-A2B1-EF518C64312D}.Debug|Any CPU.ActiveCfg = Debug|Any CPU
		{661FFE85-D9B7-4B02-A2B1-EF518C64312D}.Debug|Any CPU.Build.0 = Debug|Any CPU
		{661FFE85-D9B7-4B02-A2B1-EF518C64312D}.Release|Any CPU.ActiveCfg = Release|Any CPU
		{661FFE85-D9B7-4B02-A2B1-EF518C64312D}.Release|Any CPU.Build.0 = Release|Any CPU
		{FC22918F-0847-4BEA-B298-CB45813DC748}.Debug|Any CPU.ActiveCfg = Debug|Any CPU
		{FC22918F-0847-4BEA-B298-CB45813DC748}.Debug|Any CPU.Build.0 = Debug|Any CPU
		{FC22918F-0847-4BEA-B298-CB45813DC748}.Release|Any CPU.ActiveCfg = Release|Any CPU
		{FC22918F-0847-4BEA-B298-CB45813DC748}.Release|Any CPU.Build.0 = Release|Any CPU
		{E0B8EEEA-8AE8-4C0D-91C2-F2BBBF5F8818}.Debug|Any CPU.ActiveCfg = Debug|Any CPU
		{E0B8EEEA-8AE8-4C0D-91C2-F2BBBF5F8818}.Debug|Any CPU.Build.0 = Debug|Any CPU
		{E0B8EEEA-8AE8-4C0D-91C2-F2BBBF5F8818}.Release|Any CPU.ActiveCfg = Release|Any CPU
		{E0B8EEEA-8AE8-4C0D-91C2-F2BBBF5F8818}.Release|Any CPU.Build.0 = Release|Any CPU
		{6A2DED0A-A7A7-421D-A0ED-8CDC3242BC92}.Debug|Any CPU.ActiveCfg = Debug|Any CPU
		{6A2DED0A-A7A7-421D-A0ED-8CDC3242BC92}.Debug|Any CPU.Build.0 = Debug|Any CPU
		{6A2DED0A-A7A7-421D-A0ED-8CDC3242BC92}.Release|Any CPU.ActiveCfg = Release|Any CPU
		{6A2DED0A-A7A7-421D-A0ED-8CDC3242BC92}.Release|Any CPU.Build.0 = Release|Any CPU
	EndGlobalSection
	GlobalSection(SolutionProperties) = preSolution
		HideSolutionNode = FALSE
	EndGlobalSection
	GlobalSection(NestedProjects) = preSolution
		{F244E826-1856-43B0-8A47-2BFC4B8B4A77} = {30F0F847-D30B-42E3-9B8B-88D4C2169705}
		{BDCA1C95-E3F4-49F8-9362-F36220FCAFAB} = {F244E826-1856-43B0-8A47-2BFC4B8B4A77}
		{0F5E6879-31F2-480B-BF10-1F7581B1ABB4} = {B8E52AC7-D0A2-4244-848E-3A24F78736AA}
		{0CAFECFF-C75B-4F5E-AAB8-D142A8C97C61} = {C8A5A8C4-1B74-45B0-A770-87934EF13B51}
		{B0D0F888-05C4-45DA-B29B-3B67850A61BB} = {30F0F847-D30B-42E3-9B8B-88D4C2169705}
		{E02E653E-8CB9-485D-BAB9-F1FD6AEC8389} = {B0D0F888-05C4-45DA-B29B-3B67850A61BB}
		{E72E09CA-236D-4140-BC40-1F4D57BDC0D1} = {30F0F847-D30B-42E3-9B8B-88D4C2169705}
		{DB15CF41-C081-4815-910D-2F9C6F392FAD} = {E72E09CA-236D-4140-BC40-1F4D57BDC0D1}
		{F1D0F394-4150-4E53-9FBF-0647B2DD1CF9} = {30F0F847-D30B-42E3-9B8B-88D4C2169705}
		{DB14B612-9E06-4A67-AD9D-479A295A9A63} = {F1D0F394-4150-4E53-9FBF-0647B2DD1CF9}
		{89D97C1B-21F4-4A57-9379-F1927A6244EE} = {30F0F847-D30B-42E3-9B8B-88D4C2169705}
		{88CD4888-EBE3-4CF2-BAA2-6DA16AD3BDD6} = {89D97C1B-21F4-4A57-9379-F1927A6244EE}
		{290E25DA-B028-4EDA-B0F0-E2F48F01F10F} = {89D97C1B-21F4-4A57-9379-F1927A6244EE}
		{824E54A2-7A92-4635-8A8E-A7EF9D60D8A3} = {89D97C1B-21F4-4A57-9379-F1927A6244EE}
		{1B80BA27-592D-4BCF-948C-E677C223FD8C} = {89D97C1B-21F4-4A57-9379-F1927A6244EE}
		{661FFE85-D9B7-4B02-A2B1-EF518C64312D} = {89D97C1B-21F4-4A57-9379-F1927A6244EE}
		{753A1370-A972-431C-AF95-0D6D4B85FFC6} = {30F0F847-D30B-42E3-9B8B-88D4C2169705}
		{FC22918F-0847-4BEA-B298-CB45813DC748} = {753A1370-A972-431C-AF95-0D6D4B85FFC6}
		{E0B8EEEA-8AE8-4C0D-91C2-F2BBBF5F8818} = {4FA59580-7D62-4976-AF5D-CC0DCBBCEFFB}
		{6A2DED0A-A7A7-421D-A0ED-8CDC3242BC92} = {7907D19E-31A0-4C7F-A92A-BD9232DDFB52}
	EndGlobalSection
	GlobalSection(ExtensibilityGlobals) = postSolution
		SolutionGuid = {F8AD6F4B-F418-4942-A27B-87A1B6681DBF}
	EndGlobalSection
EndGlobal
